
Microsoft Visual Studio Solution File, Format Version 12.00
# Visual Studio 15
VisualStudioVersion = 15.0.28307.1022
MinimumVisualStudioVersion = 10.0.40219.1
Project("{FAE04EC0-301F-11D3-BF4B-00C04F79EFBC}") = "DAN_XXXIII_Milica_Karetic", "DAN_XXXIII_Milica_Karetic\DAN_XXXIII_Milica_Karetic.csproj", "{70A1E976-C76E-44E2-9BF7-F259180784A0}"
EndProject
Global
	GlobalSection(SolutionConfigurationPlatforms) = preSolution
		Debug|Any CPU = Debug|Any CPU
		Release|Any CPU = Release|Any CPU
	EndGlobalSection
	GlobalSection(ProjectConfigurationPlatforms) = postSolution
		{70A1E976-C76E-44E2-9BF7-F259180784A0}.Debug|Any CPU.ActiveCfg = Debug|Any CPU
		{70A1E976-C76E-44E2-9BF7-F259180784A0}.Debug|Any CPU.Build.0 = Debug|Any CPU
		{70A1E976-C76E-44E2-9BF7-F259180784A0}.Release|Any CPU.ActiveCfg = Release|Any CPU
		{70A1E976-C76E-44E2-9BF7-F259180784A0}.Release|Any CPU.Build.0 = Release|Any CPU
	EndGlobalSection
	GlobalSection(SolutionProperties) = preSolution
		HideSolutionNode = FALSE
	EndGlobalSection
	GlobalSection(ExtensibilityGlobals) = postSolution
		SolutionGuid = {833AF6B5-C295-4A04-8EF5-18984F87D141}
	EndGlobalSection
EndGlobal
